
Microsoft Visual Studio Solution File, Format Version 12.00
# Visual Studio 2017
Project("{FAE04EC0-301F-11D3-BF4B-00C04F79EFBC}") = "Last_Runner(Many Textures)", "Last_Runner(Many Textures).csproj", "{B8DD0450-29DE-CABA-487E-9A3054DA5416}"
EndProject
Global
	GlobalSection(SolutionConfigurationPlatforms) = preSolution
		Debug|Any CPU = Debug|Any CPU
		Release|Any CPU = Release|Any CPU
	EndGlobalSection
	GlobalSection(ProjectConfigurationPlatforms) = postSolution
		{B8DD0450-29DE-CABA-487E-9A3054DA5416}.Debug|Any CPU.ActiveCfg = Debug|Any CPU
		{B8DD0450-29DE-CABA-487E-9A3054DA5416}.Debug|Any CPU.Build.0 = Debug|Any CPU
		{B8DD0450-29DE-CABA-487E-9A3054DA5416}.Release|Any CPU.ActiveCfg = Release|Any CPU
		{B8DD0450-29DE-CABA-487E-9A3054DA5416}.Release|Any CPU.Build.0 = Release|Any CPU
	EndGlobalSection
	GlobalSection(SolutionProperties) = preSolution
		HideSolutionNode = FALSE
	EndGlobalSection
EndGlobal
